
Microsoft Visual Studio Solution File, Format Version 12.00
# Visual Studio Version 17
VisualStudioVersion = 17.5.33424.131
MinimumVisualStudioVersion = 10.0.40219.1
Project("{9A19103F-16F7-4668-BE54-9A1E7A4F7556}") = "PreachingCollective", "PreachingCollective.csproj", "{2CCF292C-93E3-47B0-9D78-73258D30511E}"
EndProject
Project("{2150E333-8FDC-42A3-9474-1A3956D46DE8}") = "Solution Items", "Solution Items", "{2A228EF3-9C4D-4140-86B3-31523E8EBE70}"
	ProjectSection(SolutionItems) = preProject
		.editorconfig = .editorconfig
	EndProjectSection
EndProject
Global
	GlobalSection(SolutionConfigurationPlatforms) = preSolution
		Debug|Any CPU = Debug|Any CPU
		Release|Any CPU = Release|Any CPU
	EndGlobalSection
	GlobalSection(ProjectConfigurationPlatforms) = postSolution
		{2CCF292C-93E3-47B0-9D78-73258D30511E}.Debug|Any CPU.ActiveCfg = Debug|Any CPU
		{2CCF292C-93E3-47B0-9D78-73258D30511E}.Debug|Any CPU.Build.0 = Debug|Any CPU
		{2CCF292C-93E3-47B0-9D78-73258D30511E}.Release|Any CPU.ActiveCfg = Release|Any CPU
		{2CCF292C-93E3-47B0-9D78-73258D30511E}.Release|Any CPU.Build.0 = Release|Any CPU
	EndGlobalSection
	GlobalSection(SolutionProperties) = preSolution
		HideSolutionNode = FALSE
	EndGlobalSection
	GlobalSection(ExtensibilityGlobals) = postSolution
		SolutionGuid = {579B77F7-DF01-4726-BCA1-9634DF0DB0FA}
	EndGlobalSection
EndGlobal
